
Microsoft Visual Studio Solution File, Format Version 12.00
# Visual Studio Version 16
VisualStudioVersion = 16.0.29418.71
MinimumVisualStudioVersion = 10.0.40219.1
Project("{FAE04EC0-301F-11D3-BF4B-00C04F79EFBC}") = "DOS", "ConexaoBD\DOS.csproj", "{A85FD28C-9113-46D2-82FE-ABF1DE28F26B}"
EndProject
Project("{FAE04EC0-301F-11D3-BF4B-00C04F79EFBC}") = "BDProjeto.RepositorioADO", "BDProjeto.Repositorio\BDProjeto.RepositorioADO.csproj", "{30867311-EB87-4344-9B4B-A6C3DE9923CF}"
EndProject
Project("{FAE04EC0-301F-11D3-BF4B-00C04F79EFBC}") = "BDProjeto.Dominio", "BDProjeto.Dominio\BDProjeto.Dominio.csproj", "{FEC0FA8A-3CA0-412D-8B7C-D334E206B49E}"
EndProject
Project("{FAE04EC0-301F-11D3-BF4B-00C04F79EFBC}") = "BDProjeto.Aplicacao", "BDProjeto.Aplicacao\BDProjeto.Aplicacao.csproj", "{7EFDAC0E-9835-4E0B-A056-07214B257659}"
EndProject
Project("{FAE04EC0-301F-11D3-BF4B-00C04F79EFBC}") = "WEB", "WEB\WEB.csproj", "{4F9391A6-F03A-430B-9BFF-688AC43A6E3E}"
EndProject
Global
	GlobalSection(SolutionConfigurationPlatforms) = preSolution
		Debug|Any CPU = Debug|Any CPU
		Release|Any CPU = Release|Any CPU
	EndGlobalSection
	GlobalSection(ProjectConfigurationPlatforms) = postSolution
		{A85FD28C-9113-46D2-82FE-ABF1DE28F26B}.Debug|Any CPU.ActiveCfg = Debug|Any CPU
		{A85FD28C-9113-46D2-82FE-ABF1DE28F26B}.Debug|Any CPU.Build.0 = Debug|Any CPU
		{A85FD28C-9113-46D2-82FE-ABF1DE28F26B}.Release|Any CPU.ActiveCfg = Release|Any CPU
		{A85FD28C-9113-46D2-82FE-ABF1DE28F26B}.Release|Any CPU.Build.0 = Release|Any CPU
		{30867311-EB87-4344-9B4B-A6C3DE9923CF}.Debug|Any CPU.ActiveCfg = Debug|Any CPU
		{30867311-EB87-4344-9B4B-A6C3DE9923CF}.Debug|Any CPU.Build.0 = Debug|Any CPU
		{30867311-EB87-4344-9B4B-A6C3DE9923CF}.Release|Any CPU.ActiveCfg = Release|Any CPU
		{30867311-EB87-4344-9B4B-A6C3DE9923CF}.Release|Any CPU.Build.0 = Release|Any CPU
		{FEC0FA8A-3CA0-412D-8B7C-D334E206B49E}.Debug|Any CPU.ActiveCfg = Debug|Any CPU
		{FEC0FA8A-3CA0-412D-8B7C-D334E206B49E}.Debug|Any CPU.Build.0 = Debug|Any CPU
		{FEC0FA8A-3CA0-412D-8B7C-D334E206B49E}.Release|Any CPU.ActiveCfg = Release|Any CPU
		{FEC0FA8A-3CA0-412D-8B7C-D334E206B49E}.Release|Any CPU.Build.0 = Release|Any CPU
		{7EFDAC0E-9835-4E0B-A056-07214B257659}.Debug|Any CPU.ActiveCfg = Debug|Any CPU
		{7EFDAC0E-9835-4E0B-A056-07214B257659}.Debug|Any CPU.Build.0 = Debug|Any CPU
		{7EFDAC0E-9835-4E0B-A056-07214B257659}.Release|Any CPU.ActiveCfg = Release|Any CPU
		{7EFDAC0E-9835-4E0B-A056-07214B257659}.Release|Any CPU.Build.0 = Release|Any CPU
		{4F9391A6-F03A-430B-9BFF-688AC43A6E3E}.Debug|Any CPU.ActiveCfg = Debug|Any CPU
		{4F9391A6-F03A-430B-9BFF-688AC43A6E3E}.Debug|Any CPU.Build.0 = Debug|Any CPU
		{4F9391A6-F03A-430B-9BFF-688AC43A6E3E}.Release|Any CPU.ActiveCfg = Release|Any CPU
		{4F9391A6-F03A-430B-9BFF-688AC43A6E3E}.Release|Any CPU.Build.0 = Release|Any CPU
	EndGlobalSection
	GlobalSection(SolutionProperties) = preSolution
		HideSolutionNode = FALSE
	EndGlobalSection
	GlobalSection(ExtensibilityGlobals) = postSolution
		SolutionGuid = {5F24CB75-25E7-49B5-9AF6-C1459FE789B1}
	EndGlobalSection
EndGlobal
